
Microsoft Visual Studio Solution File, Format Version 12.00
# Visual Studio Version 17
VisualStudioVersion = 17.1.32328.378
MinimumVisualStudioVersion = 10.0.40219.1
Project("{FAE04EC0-301F-11D3-BF4B-00C04F79EFBC}") = "TestProjectApi", "TestProjectApi\TestProjectApi.csproj", "{79D3B768-6084-4924-BB38-649424568BE0}"
EndProject
Global
	GlobalSection(SolutionConfigurationPlatforms) = preSolution
		Debug|Any CPU = Debug|Any CPU
		Release|Any CPU = Release|Any CPU
	EndGlobalSection
	GlobalSection(ProjectConfigurationPlatforms) = postSolution
		{79D3B768-6084-4924-BB38-649424568BE0}.Debug|Any CPU.ActiveCfg = Debug|Any CPU
		{79D3B768-6084-4924-BB38-649424568BE0}.Debug|Any CPU.Build.0 = Debug|Any CPU
		{79D3B768-6084-4924-BB38-649424568BE0}.Release|Any CPU.ActiveCfg = Release|Any CPU
		{79D3B768-6084-4924-BB38-649424568BE0}.Release|Any CPU.Build.0 = Release|Any CPU
	EndGlobalSection
	GlobalSection(SolutionProperties) = preSolution
		HideSolutionNode = FALSE
	EndGlobalSection
	GlobalSection(ExtensibilityGlobals) = postSolution
		SolutionGuid = {2658A894-66D4-4CE1-94B0-6512DD617A98}
	EndGlobalSection
EndGlobal
